
Microsoft Visual Studio Solution File, Format Version 12.00
# Visual Studio 15
VisualStudioVersion = 15.0.27004.2005
MinimumVisualStudioVersion = 10.0.40219.1
Project("{FAE04EC0-301F-11D3-BF4B-00C04F79EFBC}") = "lab1 zad2", "lab1 zad2\lab1 zad2.csproj", "{8BF19DF8-E736-434E-82D5-53400E20BC3B}"
EndProject
Global
	GlobalSection(SolutionConfigurationPlatforms) = preSolution
		Debug|Any CPU = Debug|Any CPU
		Release|Any CPU = Release|Any CPU
	EndGlobalSection
	GlobalSection(ProjectConfigurationPlatforms) = postSolution
		{8BF19DF8-E736-434E-82D5-53400E20BC3B}.Debug|Any CPU.ActiveCfg = Debug|Any CPU
		{8BF19DF8-E736-434E-82D5-53400E20BC3B}.Debug|Any CPU.Build.0 = Debug|Any CPU
		{8BF19DF8-E736-434E-82D5-53400E20BC3B}.Release|Any CPU.ActiveCfg = Release|Any CPU
		{8BF19DF8-E736-434E-82D5-53400E20BC3B}.Release|Any CPU.Build.0 = Release|Any CPU
	EndGlobalSection
	GlobalSection(SolutionProperties) = preSolution
		HideSolutionNode = FALSE
	EndGlobalSection
	GlobalSection(ExtensibilityGlobals) = postSolution
		SolutionGuid = {5AABA19B-2FC3-4699-9091-013E5261CB0D}
	EndGlobalSection
EndGlobal
