
Microsoft Visual Studio Solution File, Format Version 12.00
# Visual Studio 15
VisualStudioVersion = 15.0.27004.2005
MinimumVisualStudioVersion = 10.0.40219.1
Project("{FAE04EC0-301F-11D3-BF4B-00C04F79EFBC}") = "lab1 zad1", "lab1 zad1\lab1 zad1.csproj", "{22A7DBF5-3B89-4459-A1CC-36C36B7AE8DD}"
EndProject
Global
	GlobalSection(SolutionConfigurationPlatforms) = preSolution
		Debug|Any CPU = Debug|Any CPU
		Release|Any CPU = Release|Any CPU
	EndGlobalSection
	GlobalSection(ProjectConfigurationPlatforms) = postSolution
		{22A7DBF5-3B89-4459-A1CC-36C36B7AE8DD}.Debug|Any CPU.ActiveCfg = Debug|Any CPU
		{22A7DBF5-3B89-4459-A1CC-36C36B7AE8DD}.Debug|Any CPU.Build.0 = Debug|Any CPU
		{22A7DBF5-3B89-4459-A1CC-36C36B7AE8DD}.Release|Any CPU.ActiveCfg = Release|Any CPU
		{22A7DBF5-3B89-4459-A1CC-36C36B7AE8DD}.Release|Any CPU.Build.0 = Release|Any CPU
	EndGlobalSection
	GlobalSection(SolutionProperties) = preSolution
		HideSolutionNode = FALSE
	EndGlobalSection
	GlobalSection(ExtensibilityGlobals) = postSolution
		SolutionGuid = {852B9678-9E44-4E12-B352-0E4C83B2BD5B}
	EndGlobalSection
EndGlobal
