
Microsoft Visual Studio Solution File, Format Version 12.00
# Visual Studio 15
VisualStudioVersion = 15.0.27004.2005
MinimumVisualStudioVersion = 10.0.40219.1
Project("{FAE04EC0-301F-11D3-BF4B-00C04F79EFBC}") = "lab3", "lab3\lab3.csproj", "{B3E7A527-3679-4711-8F6C-C11C86C0FF71}"
EndProject
Global
	GlobalSection(SolutionConfigurationPlatforms) = preSolution
		Debug|Any CPU = Debug|Any CPU
		Release|Any CPU = Release|Any CPU
	EndGlobalSection
	GlobalSection(ProjectConfigurationPlatforms) = postSolution
		{B3E7A527-3679-4711-8F6C-C11C86C0FF71}.Debug|Any CPU.ActiveCfg = Debug|Any CPU
		{B3E7A527-3679-4711-8F6C-C11C86C0FF71}.Debug|Any CPU.Build.0 = Debug|Any CPU
		{B3E7A527-3679-4711-8F6C-C11C86C0FF71}.Release|Any CPU.ActiveCfg = Release|Any CPU
		{B3E7A527-3679-4711-8F6C-C11C86C0FF71}.Release|Any CPU.Build.0 = Release|Any CPU
	EndGlobalSection
	GlobalSection(SolutionProperties) = preSolution
		HideSolutionNode = FALSE
	EndGlobalSection
	GlobalSection(ExtensibilityGlobals) = postSolution
		SolutionGuid = {1FED95C6-6902-4D55-89E2-693818677692}
	EndGlobalSection
EndGlobal
